
Microsoft Visual Studio Solution File, Format Version 12.00
# Visual Studio Version 17
VisualStudioVersion = 17.4.33103.184
MinimumVisualStudioVersion = 10.0.40219.1
Project("{9A19103F-16F7-4668-BE54-9A1E7A4F7556}") = "FarmWorkerService", "FarmWorkerService\FarmWorkerService.csproj", "{46E816EB-D754-4056-975C-C987DEDEF772}"
EndProject
Project("{FAE04EC0-301F-11D3-BF4B-00C04F79EFBC}") = "ImageProcessingService", "ImageProcessingService\ImageProcessingService.csproj", "{5F909F71-95A3-4961-8E13-AB538A175AEF}"
EndProject
Global
	GlobalSection(SolutionConfigurationPlatforms) = preSolution
		Debug|Any CPU = Debug|Any CPU
		Release|Any CPU = Release|Any CPU
	EndGlobalSection
	GlobalSection(ProjectConfigurationPlatforms) = postSolution
		{46E816EB-D754-4056-975C-C987DEDEF772}.Debug|Any CPU.ActiveCfg = Debug|Any CPU
		{46E816EB-D754-4056-975C-C987DEDEF772}.Debug|Any CPU.Build.0 = Debug|Any CPU
		{46E816EB-D754-4056-975C-C987DEDEF772}.Release|Any CPU.ActiveCfg = Release|Any CPU
		{46E816EB-D754-4056-975C-C987DEDEF772}.Release|Any CPU.Build.0 = Release|Any CPU
		{5F909F71-95A3-4961-8E13-AB538A175AEF}.Debug|Any CPU.ActiveCfg = Debug|Any CPU
		{5F909F71-95A3-4961-8E13-AB538A175AEF}.Debug|Any CPU.Build.0 = Debug|Any CPU
		{5F909F71-95A3-4961-8E13-AB538A175AEF}.Release|Any CPU.ActiveCfg = Release|Any CPU
		{5F909F71-95A3-4961-8E13-AB538A175AEF}.Release|Any CPU.Build.0 = Release|Any CPU
	EndGlobalSection
	GlobalSection(SolutionProperties) = preSolution
		HideSolutionNode = FALSE
	EndGlobalSection
	GlobalSection(ExtensibilityGlobals) = postSolution
		SolutionGuid = {01E52E48-13F3-4DE3-9AA6-8320ED34E217}
	EndGlobalSection
EndGlobal
